
Microsoft Visual Studio Solution File, Format Version 12.00
# Visual Studio Version 17
VisualStudioVersion = 17.3.32811.315
MinimumVisualStudioVersion = 10.0.40219.1
Project("{FAE04EC0-301F-11D3-BF4B-00C04F79EFBC}") = "Programmeringsolymp uppgift 1", "Programmeringsolymp uppgift 1\Programmeringsolymp uppgift 1.csproj", "{D4B5E71D-F4E0-49EB-9E77-850668FF5C5E}"
EndProject
Global
	GlobalSection(SolutionConfigurationPlatforms) = preSolution
		Debug|Any CPU = Debug|Any CPU
		Release|Any CPU = Release|Any CPU
	EndGlobalSection
	GlobalSection(ProjectConfigurationPlatforms) = postSolution
		{D4B5E71D-F4E0-49EB-9E77-850668FF5C5E}.Debug|Any CPU.ActiveCfg = Debug|Any CPU
		{D4B5E71D-F4E0-49EB-9E77-850668FF5C5E}.Debug|Any CPU.Build.0 = Debug|Any CPU
		{D4B5E71D-F4E0-49EB-9E77-850668FF5C5E}.Release|Any CPU.ActiveCfg = Release|Any CPU
		{D4B5E71D-F4E0-49EB-9E77-850668FF5C5E}.Release|Any CPU.Build.0 = Release|Any CPU
	EndGlobalSection
	GlobalSection(SolutionProperties) = preSolution
		HideSolutionNode = FALSE
	EndGlobalSection
	GlobalSection(ExtensibilityGlobals) = postSolution
		SolutionGuid = {F3B75A2E-7B15-4D0E-B36A-199892933C35}
	EndGlobalSection
EndGlobal
